{
  "name": "workspaces-example",
  "version": "1.0.0",
  "lockfileVersion": 2,
  "requires": true,
  "packages": {
    "": {
      "name": "workspaces-example",
      "version": "1.0.0",
      "license": "GPL-3.0-only",
      "workspaces": [
        "packages/example-dep"
      ]
    },
    "node_modules/example-dep": {
      "resolved": "packages/example-dep",
      "link": true
    },
    "packages/example-dep": {
      "version": "1.0.0",
      "license": "GPL-3.0-only"
    }
  },
  "dependencies": {
    "example-dep": {
      "version": "file:packages/example-dep"
    }
  }
}
